
Microsoft Visual Studio Solution File, Format Version 12.00
# Visual Studio Version 16
VisualStudioVersion = 16.0.30907.101
MinimumVisualStudioVersion = 10.0.40219.1
Project("{8BC9CEB8-8B4A-11D0-8D11-00A0C91BC942}") = "opencvtest", "opencvtest.vcxproj", "{5D5D61AA-7DE3-3CB6-B64C-D3B7CE39E5E7}"
EndProject
Global
	GlobalSection(SolutionConfigurationPlatforms) = preSolution
		Debug|Win32 = Debug|Win32
		Release|Win32 = Release|Win32
	EndGlobalSection
	GlobalSection(ProjectConfigurationPlatforms) = postSolution
		{5D5D61AA-7DE3-3CB6-B64C-D3B7CE39E5E7}.Debug|Win32.ActiveCfg = Debug|Win32
		{5D5D61AA-7DE3-3CB6-B64C-D3B7CE39E5E7}.Debug|Win32.Build.0 = Debug|Win32
		{5D5D61AA-7DE3-3CB6-B64C-D3B7CE39E5E7}.Release|Win32.ActiveCfg = Release|Win32
		{5D5D61AA-7DE3-3CB6-B64C-D3B7CE39E5E7}.Release|Win32.Build.0 = Release|Win32
	EndGlobalSection
	GlobalSection(SolutionProperties) = preSolution
		HideSolutionNode = FALSE
	EndGlobalSection
	GlobalSection(ExtensibilityGlobals) = postSolution
		SolutionGuid = {567B2C3E-12D8-4FB8-AFD6-5B02DCC86F13}
	EndGlobalSection
EndGlobal
